
Microsoft Visual Studio Solution File, Format Version 12.00
# Visual Studio Version 17
VisualStudioVersion = 17.1.32210.238
MinimumVisualStudioVersion = 10.0.40219.1
Project("{9A19103F-16F7-4668-BE54-9A1E7A4F7556}") = "DataAccess", "DataAccess\DataAccess.csproj", "{26EA0D1C-A92B-4EF3-AAAB-B7889498C845}"
EndProject
Project("{9A19103F-16F7-4668-BE54-9A1E7A4F7556}") = "Entities", "Entities\Entities.csproj", "{35AACB6F-A6D2-4062-8DC8-4FC9A51E9360}"
EndProject
Project("{9A19103F-16F7-4668-BE54-9A1E7A4F7556}") = "Business", "Business\Business.csproj", "{E5E3FF4F-8010-4ACC-8A2B-F546616B8477}"
EndProject
Project("{9A19103F-16F7-4668-BE54-9A1E7A4F7556}") = "ConsoleUI", "ConsoleUI\ConsoleUI.csproj", "{83935809-B6CB-42CA-9F2F-573278D8376A}"
EndProject
Project("{9A19103F-16F7-4668-BE54-9A1E7A4F7556}") = "Core", "Core\Core.csproj", "{032E37E8-F439-41DD-951D-9EE38526DBCA}"
EndProject
Project("{FAE04EC0-301F-11D3-BF4B-00C04F79EFBC}") = "WebAPI", "WebAPI\WebAPI.csproj", "{615E4117-DAA2-4708-B785-38786E663A84}"
EndProject
Global
	GlobalSection(SolutionConfigurationPlatforms) = preSolution
		Debug|Any CPU = Debug|Any CPU
		Release|Any CPU = Release|Any CPU
	EndGlobalSection
	GlobalSection(ProjectConfigurationPlatforms) = postSolution
		{26EA0D1C-A92B-4EF3-AAAB-B7889498C845}.Debug|Any CPU.ActiveCfg = Debug|Any CPU
		{26EA0D1C-A92B-4EF3-AAAB-B7889498C845}.Debug|Any CPU.Build.0 = Debug|Any CPU
		{26EA0D1C-A92B-4EF3-AAAB-B7889498C845}.Release|Any CPU.ActiveCfg = Release|Any CPU
		{26EA0D1C-A92B-4EF3-AAAB-B7889498C845}.Release|Any CPU.Build.0 = Release|Any CPU
		{35AACB6F-A6D2-4062-8DC8-4FC9A51E9360}.Debug|Any CPU.ActiveCfg = Debug|Any CPU
		{35AACB6F-A6D2-4062-8DC8-4FC9A51E9360}.Debug|Any CPU.Build.0 = Debug|Any CPU
		{35AACB6F-A6D2-4062-8DC8-4FC9A51E9360}.Release|Any CPU.ActiveCfg = Release|Any CPU
		{35AACB6F-A6D2-4062-8DC8-4FC9A51E9360}.Release|Any CPU.Build.0 = Release|Any CPU
		{E5E3FF4F-8010-4ACC-8A2B-F546616B8477}.Debug|Any CPU.ActiveCfg = Debug|Any CPU
		{E5E3FF4F-8010-4ACC-8A2B-F546616B8477}.Debug|Any CPU.Build.0 = Debug|Any CPU
		{E5E3FF4F-8010-4ACC-8A2B-F546616B8477}.Release|Any CPU.ActiveCfg = Release|Any CPU
		{E5E3FF4F-8010-4ACC-8A2B-F546616B8477}.Release|Any CPU.Build.0 = Release|Any CPU
		{83935809-B6CB-42CA-9F2F-573278D8376A}.Debug|Any CPU.ActiveCfg = Debug|Any CPU
		{83935809-B6CB-42CA-9F2F-573278D8376A}.Debug|Any CPU.Build.0 = Debug|Any CPU
		{83935809-B6CB-42CA-9F2F-573278D8376A}.Release|Any CPU.ActiveCfg = Release|Any CPU
		{83935809-B6CB-42CA-9F2F-573278D8376A}.Release|Any CPU.Build.0 = Release|Any CPU
		{032E37E8-F439-41DD-951D-9EE38526DBCA}.Debug|Any CPU.ActiveCfg = Debug|Any CPU
		{032E37E8-F439-41DD-951D-9EE38526DBCA}.Debug|Any CPU.Build.0 = Debug|Any CPU
		{032E37E8-F439-41DD-951D-9EE38526DBCA}.Release|Any CPU.ActiveCfg = Release|Any CPU
		{032E37E8-F439-41DD-951D-9EE38526DBCA}.Release|Any CPU.Build.0 = Release|Any CPU
		{615E4117-DAA2-4708-B785-38786E663A84}.Debug|Any CPU.ActiveCfg = Debug|Any CPU
		{615E4117-DAA2-4708-B785-38786E663A84}.Debug|Any CPU.Build.0 = Debug|Any CPU
		{615E4117-DAA2-4708-B785-38786E663A84}.Release|Any CPU.ActiveCfg = Release|Any CPU
		{615E4117-DAA2-4708-B785-38786E663A84}.Release|Any CPU.Build.0 = Release|Any CPU
	EndGlobalSection
	GlobalSection(SolutionProperties) = preSolution
		HideSolutionNode = FALSE
	EndGlobalSection
	GlobalSection(ExtensibilityGlobals) = postSolution
		SolutionGuid = {12FB4E2F-E90F-491C-9EC8-DF60C1213736}
	EndGlobalSection
EndGlobal
